
Microsoft Visual Studio Solution File, Format Version 12.00
# Visual Studio Version 16
VisualStudioVersion = 16.0.31424.327
MinimumVisualStudioVersion = 10.0.40219.1
Project("{FAE04EC0-301F-11D3-BF4B-00C04F79EFBC}") = "MatchGame", "MatchGame.csproj", "{A4A38F04-5458-418B-A914-37D890E8F7CD}"
EndProject
Global
	GlobalSection(SolutionConfigurationPlatforms) = preSolution
		Debug|Any CPU = Debug|Any CPU
		Release|Any CPU = Release|Any CPU
	EndGlobalSection
	GlobalSection(ProjectConfigurationPlatforms) = postSolution
		{A4A38F04-5458-418B-A914-37D890E8F7CD}.Debug|Any CPU.ActiveCfg = Debug|Any CPU
		{A4A38F04-5458-418B-A914-37D890E8F7CD}.Debug|Any CPU.Build.0 = Debug|Any CPU
		{A4A38F04-5458-418B-A914-37D890E8F7CD}.Release|Any CPU.ActiveCfg = Release|Any CPU
		{A4A38F04-5458-418B-A914-37D890E8F7CD}.Release|Any CPU.Build.0 = Release|Any CPU
	EndGlobalSection
	GlobalSection(SolutionProperties) = preSolution
		HideSolutionNode = FALSE
	EndGlobalSection
	GlobalSection(ExtensibilityGlobals) = postSolution
		SolutionGuid = {846DDE32-4F7C-48E9-8988-FC2D08E5D18F}
	EndGlobalSection
EndGlobal
